
Microsoft Visual Studio Solution File, Format Version 12.00
# Visual Studio 2012
Project("{FAE04EC0-301F-11D3-BF4B-00C04F79EFBC}") = "MeuGrafo", "MeuGrafo\MeuGrafo.csproj", "{64BEA498-E342-451B-801D-9B82FAB3538D}"
EndProject
Project("{FAE04EC0-301F-11D3-BF4B-00C04F79EFBC}") = "GrafoWebService", "GrafoWebService\GrafoWebService.csproj", "{2369C7A0-502F-45FF-9CB8-801D275AAD59}"
EndProject
Global
	GlobalSection(SolutionConfigurationPlatforms) = preSolution
		Debug|Any CPU = Debug|Any CPU
		Release|Any CPU = Release|Any CPU
	EndGlobalSection
	GlobalSection(ProjectConfigurationPlatforms) = postSolution
		{64BEA498-E342-451B-801D-9B82FAB3538D}.Debug|Any CPU.ActiveCfg = Debug|Any CPU
		{64BEA498-E342-451B-801D-9B82FAB3538D}.Debug|Any CPU.Build.0 = Debug|Any CPU
		{64BEA498-E342-451B-801D-9B82FAB3538D}.Release|Any CPU.ActiveCfg = Release|Any CPU
		{64BEA498-E342-451B-801D-9B82FAB3538D}.Release|Any CPU.Build.0 = Release|Any CPU
		{2369C7A0-502F-45FF-9CB8-801D275AAD59}.Debug|Any CPU.ActiveCfg = Debug|Any CPU
		{2369C7A0-502F-45FF-9CB8-801D275AAD59}.Debug|Any CPU.Build.0 = Debug|Any CPU
		{2369C7A0-502F-45FF-9CB8-801D275AAD59}.Release|Any CPU.ActiveCfg = Release|Any CPU
		{2369C7A0-502F-45FF-9CB8-801D275AAD59}.Release|Any CPU.Build.0 = Release|Any CPU
	EndGlobalSection
	GlobalSection(SolutionProperties) = preSolution
		HideSolutionNode = FALSE
	EndGlobalSection
EndGlobal
